
Microsoft Visual Studio Solution File, Format Version 12.00
# Visual Studio Version 17
VisualStudioVersion = 17.13.35931.197 d17.13
MinimumVisualStudioVersion = 10.0.40219.1
Project("{FAE04EC0-301F-11D3-BF4B-00C04F79EFBC}") = "Dsw2025Ej14.Api", "Dsw2025Ej14.Api\Dsw2025Ej14.Api.csproj", "{1A606E19-A0AB-413D-8EAA-3F0EB6FB3626}"
EndProject
Global
	GlobalSection(SolutionConfigurationPlatforms) = preSolution
		Debug|Any CPU = Debug|Any CPU
		Release|Any CPU = Release|Any CPU
	EndGlobalSection
	GlobalSection(ProjectConfigurationPlatforms) = postSolution
		{1A606E19-A0AB-413D-8EAA-3F0EB6FB3626}.Debug|Any CPU.ActiveCfg = Debug|Any CPU
		{1A606E19-A0AB-413D-8EAA-3F0EB6FB3626}.Debug|Any CPU.Build.0 = Debug|Any CPU
		{1A606E19-A0AB-413D-8EAA-3F0EB6FB3626}.Release|Any CPU.ActiveCfg = Release|Any CPU
		{1A606E19-A0AB-413D-8EAA-3F0EB6FB3626}.Release|Any CPU.Build.0 = Release|Any CPU
	EndGlobalSection
	GlobalSection(SolutionProperties) = preSolution
		HideSolutionNode = FALSE
	EndGlobalSection
	GlobalSection(ExtensibilityGlobals) = postSolution
		SolutionGuid = {75C74578-94D8-439C-B5BB-19CB37E67F3A}
	EndGlobalSection
EndGlobal
